
Microsoft Visual Studio Solution File, Format Version 12.00
# Visual Studio Version 17
VisualStudioVersion = 17.0.31903.59
MinimumVisualStudioVersion = 10.0.40219.1
Project("{FAE04EC0-301F-11D3-BF4B-00C04F79EFBC}") = "API", "API\API.csproj", "{65111222-B17B-44E1-B88B-A12447D141AB}"
EndProject
Project("{FAE04EC0-301F-11D3-BF4B-00C04F79EFBC}") = "Application", "Application\Application.csproj", "{3F8A193A-7A98-48D4-9B9A-AA8502503CA8}"
EndProject
Project("{FAE04EC0-301F-11D3-BF4B-00C04F79EFBC}") = "Domain", "Domain\Domain.csproj", "{FD905CE0-C2C1-416D-B106-5C3235684867}"
EndProject
Project("{FAE04EC0-301F-11D3-BF4B-00C04F79EFBC}") = "Persistence", "Persistence\Persistence.csproj", "{64C8D111-6BE8-41D9-8DE6-915825997953}"
EndProject
Global
	GlobalSection(SolutionConfigurationPlatforms) = preSolution
		Debug|Any CPU = Debug|Any CPU
		Release|Any CPU = Release|Any CPU
	EndGlobalSection
	GlobalSection(SolutionProperties) = preSolution
		HideSolutionNode = FALSE
	EndGlobalSection
	GlobalSection(ProjectConfigurationPlatforms) = postSolution
		{65111222-B17B-44E1-B88B-A12447D141AB}.Debug|Any CPU.ActiveCfg = Debug|Any CPU
		{65111222-B17B-44E1-B88B-A12447D141AB}.Debug|Any CPU.Build.0 = Debug|Any CPU
		{65111222-B17B-44E1-B88B-A12447D141AB}.Release|Any CPU.ActiveCfg = Release|Any CPU
		{65111222-B17B-44E1-B88B-A12447D141AB}.Release|Any CPU.Build.0 = Release|Any CPU
		{3F8A193A-7A98-48D4-9B9A-AA8502503CA8}.Debug|Any CPU.ActiveCfg = Debug|Any CPU
		{3F8A193A-7A98-48D4-9B9A-AA8502503CA8}.Debug|Any CPU.Build.0 = Debug|Any CPU
		{3F8A193A-7A98-48D4-9B9A-AA8502503CA8}.Release|Any CPU.ActiveCfg = Release|Any CPU
		{3F8A193A-7A98-48D4-9B9A-AA8502503CA8}.Release|Any CPU.Build.0 = Release|Any CPU
		{FD905CE0-C2C1-416D-B106-5C3235684867}.Debug|Any CPU.ActiveCfg = Debug|Any CPU
		{FD905CE0-C2C1-416D-B106-5C3235684867}.Debug|Any CPU.Build.0 = Debug|Any CPU
		{FD905CE0-C2C1-416D-B106-5C3235684867}.Release|Any CPU.ActiveCfg = Release|Any CPU
		{FD905CE0-C2C1-416D-B106-5C3235684867}.Release|Any CPU.Build.0 = Release|Any CPU
		{64C8D111-6BE8-41D9-8DE6-915825997953}.Debug|Any CPU.ActiveCfg = Debug|Any CPU
		{64C8D111-6BE8-41D9-8DE6-915825997953}.Debug|Any CPU.Build.0 = Debug|Any CPU
		{64C8D111-6BE8-41D9-8DE6-915825997953}.Release|Any CPU.ActiveCfg = Release|Any CPU
		{64C8D111-6BE8-41D9-8DE6-915825997953}.Release|Any CPU.Build.0 = Release|Any CPU
	EndGlobalSection
EndGlobal
