
Microsoft Visual Studio Solution File, Format Version 12.00
# Visual Studio Version 17
VisualStudioVersion = 17.0.31903.59
MinimumVisualStudioVersion = 10.0.40219.1
Project("{FAE04EC0-301F-11D3-BF4B-00C04F79EFBC}") = "API", "API\API.csproj", "{F94BFC85-F7D8-4FB2-B966-8DD4EAF40F65}"
EndProject
Project("{FAE04EC0-301F-11D3-BF4B-00C04F79EFBC}") = "Application", "Application\Application.csproj", "{11983AC6-8A19-4BA7-8551-A6438E302F80}"
EndProject
Project("{FAE04EC0-301F-11D3-BF4B-00C04F79EFBC}") = "Domain", "Domain\Domain.csproj", "{5680D979-58C1-4F9B-AEA3-7DAF6EBE081E}"
EndProject
Project("{FAE04EC0-301F-11D3-BF4B-00C04F79EFBC}") = "Persistence", "Persistence\Persistence.csproj", "{BC3A814A-EE54-4976-B0D6-4822D925BB1C}"
EndProject
Global
	GlobalSection(SolutionConfigurationPlatforms) = preSolution
		Debug|Any CPU = Debug|Any CPU
		Release|Any CPU = Release|Any CPU
	EndGlobalSection
	GlobalSection(SolutionProperties) = preSolution
		HideSolutionNode = FALSE
	EndGlobalSection
	GlobalSection(ProjectConfigurationPlatforms) = postSolution
		{F94BFC85-F7D8-4FB2-B966-8DD4EAF40F65}.Debug|Any CPU.ActiveCfg = Debug|Any CPU
		{F94BFC85-F7D8-4FB2-B966-8DD4EAF40F65}.Debug|Any CPU.Build.0 = Debug|Any CPU
		{F94BFC85-F7D8-4FB2-B966-8DD4EAF40F65}.Release|Any CPU.ActiveCfg = Release|Any CPU
		{F94BFC85-F7D8-4FB2-B966-8DD4EAF40F65}.Release|Any CPU.Build.0 = Release|Any CPU
		{11983AC6-8A19-4BA7-8551-A6438E302F80}.Debug|Any CPU.ActiveCfg = Debug|Any CPU
		{11983AC6-8A19-4BA7-8551-A6438E302F80}.Debug|Any CPU.Build.0 = Debug|Any CPU
		{11983AC6-8A19-4BA7-8551-A6438E302F80}.Release|Any CPU.ActiveCfg = Release|Any CPU
		{11983AC6-8A19-4BA7-8551-A6438E302F80}.Release|Any CPU.Build.0 = Release|Any CPU
		{5680D979-58C1-4F9B-AEA3-7DAF6EBE081E}.Debug|Any CPU.ActiveCfg = Debug|Any CPU
		{5680D979-58C1-4F9B-AEA3-7DAF6EBE081E}.Debug|Any CPU.Build.0 = Debug|Any CPU
		{5680D979-58C1-4F9B-AEA3-7DAF6EBE081E}.Release|Any CPU.ActiveCfg = Release|Any CPU
		{5680D979-58C1-4F9B-AEA3-7DAF6EBE081E}.Release|Any CPU.Build.0 = Release|Any CPU
		{BC3A814A-EE54-4976-B0D6-4822D925BB1C}.Debug|Any CPU.ActiveCfg = Debug|Any CPU
		{BC3A814A-EE54-4976-B0D6-4822D925BB1C}.Debug|Any CPU.Build.0 = Debug|Any CPU
		{BC3A814A-EE54-4976-B0D6-4822D925BB1C}.Release|Any CPU.ActiveCfg = Release|Any CPU
		{BC3A814A-EE54-4976-B0D6-4822D925BB1C}.Release|Any CPU.Build.0 = Release|Any CPU
	EndGlobalSection
EndGlobal
